
Microsoft Visual Studio Solution File, Format Version 12.00
# Visual Studio Version 17
VisualStudioVersion = 17.0.31903.59
MinimumVisualStudioVersion = 10.0.40219.1
Project("{2150E333-8FDC-42A3-9474-1A3956D46DE8}") = "Tests", "Tests", "{CC2030F0-A65E-476B-AE5A-B297B58C9A9F}"
EndProject
Project("{2150E333-8FDC-42A3-9474-1A3956D46DE8}") = "src", "src", "{E1DD1ED7-3FB0-481B-9F14-E4E9D5C9DB3A}"
EndProject
Project("{9A19103F-16F7-4668-BE54-9A1E7A4F7556}") = "Restaurants.API", "src\Restaurants.API\Restaurants.API.csproj", "{78216B0F-988D-4F7C-8E96-D86F6F6EC457}"
EndProject
Project("{9A19103F-16F7-4668-BE54-9A1E7A4F7556}") = "Restaurants.Application", "src\Restaurants.Application\Restaurants.Application.csproj", "{BC38D960-30A3-4A02-946A-EA7F080E6F29}"
EndProject
Project("{9A19103F-16F7-4668-BE54-9A1E7A4F7556}") = "Restaurants.Domain", "src\Restaurants.Domain\Restaurants.Domain.csproj", "{AC680161-0B31-4874-B1B4-5569606A95B1}"
EndProject
Project("{9A19103F-16F7-4668-BE54-9A1E7A4F7556}") = "Restaurants.Infrastructure", "src\Restaurants.Infrastructure\Restaurants.Infrastructure.csproj", "{45CA0E2A-D7A8-4350-9DDD-B5D04B677631}"
EndProject
Project("{9A19103F-16F7-4668-BE54-9A1E7A4F7556}") = "Restaurants.APITests", "Test\Restaurants.APITests\Restaurants.APITests.csproj", "{5EC6466F-8039-44E9-9CD2-36178636C2BD}"
EndProject
Project("{9A19103F-16F7-4668-BE54-9A1E7A4F7556}") = "Restaurants.ApplicationTests", "Test\Restaurants.ApplicationTests\Restaurants.ApplicationTests.csproj", "{F5EBAB7C-D84D-4507-81C0-C7DE7B3EDDAB}"
EndProject
Project("{9A19103F-16F7-4668-BE54-9A1E7A4F7556}") = "Restaurants.InfrastructureTests", "Test\Restaurants.InfrastructureTests\Restaurants.InfrastructureTests.csproj", "{D36C2F93-A2B1-4C96-8D4B-A3BC615A53A1}"
EndProject
Global
	GlobalSection(SolutionConfigurationPlatforms) = preSolution
		Debug|Any CPU = Debug|Any CPU
		Release|Any CPU = Release|Any CPU
	EndGlobalSection
	GlobalSection(ProjectConfigurationPlatforms) = postSolution
		{78216B0F-988D-4F7C-8E96-D86F6F6EC457}.Debug|Any CPU.ActiveCfg = Debug|Any CPU
		{78216B0F-988D-4F7C-8E96-D86F6F6EC457}.Debug|Any CPU.Build.0 = Debug|Any CPU
		{78216B0F-988D-4F7C-8E96-D86F6F6EC457}.Release|Any CPU.ActiveCfg = Release|Any CPU
		{78216B0F-988D-4F7C-8E96-D86F6F6EC457}.Release|Any CPU.Build.0 = Release|Any CPU
		{BC38D960-30A3-4A02-946A-EA7F080E6F29}.Debug|Any CPU.ActiveCfg = Debug|Any CPU
		{BC38D960-30A3-4A02-946A-EA7F080E6F29}.Debug|Any CPU.Build.0 = Debug|Any CPU
		{BC38D960-30A3-4A02-946A-EA7F080E6F29}.Release|Any CPU.ActiveCfg = Release|Any CPU
		{BC38D960-30A3-4A02-946A-EA7F080E6F29}.Release|Any CPU.Build.0 = Release|Any CPU
		{AC680161-0B31-4874-B1B4-5569606A95B1}.Debug|Any CPU.ActiveCfg = Debug|Any CPU
		{AC680161-0B31-4874-B1B4-5569606A95B1}.Debug|Any CPU.Build.0 = Debug|Any CPU
		{AC680161-0B31-4874-B1B4-5569606A95B1}.Release|Any CPU.ActiveCfg = Release|Any CPU
		{AC680161-0B31-4874-B1B4-5569606A95B1}.Release|Any CPU.Build.0 = Release|Any CPU
		{45CA0E2A-D7A8-4350-9DDD-B5D04B677631}.Debug|Any CPU.ActiveCfg = Debug|Any CPU
		{45CA0E2A-D7A8-4350-9DDD-B5D04B677631}.Debug|Any CPU.Build.0 = Debug|Any CPU
		{45CA0E2A-D7A8-4350-9DDD-B5D04B677631}.Release|Any CPU.ActiveCfg = Release|Any CPU
		{45CA0E2A-D7A8-4350-9DDD-B5D04B677631}.Release|Any CPU.Build.0 = Release|Any CPU
		{5EC6466F-8039-44E9-9CD2-36178636C2BD}.Debug|Any CPU.ActiveCfg = Debug|Any CPU
		{5EC6466F-8039-44E9-9CD2-36178636C2BD}.Debug|Any CPU.Build.0 = Debug|Any CPU
		{5EC6466F-8039-44E9-9CD2-36178636C2BD}.Release|Any CPU.ActiveCfg = Release|Any CPU
		{5EC6466F-8039-44E9-9CD2-36178636C2BD}.Release|Any CPU.Build.0 = Release|Any CPU
		{F5EBAB7C-D84D-4507-81C0-C7DE7B3EDDAB}.Debug|Any CPU.ActiveCfg = Debug|Any CPU
		{F5EBAB7C-D84D-4507-81C0-C7DE7B3EDDAB}.Debug|Any CPU.Build.0 = Debug|Any CPU
		{F5EBAB7C-D84D-4507-81C0-C7DE7B3EDDAB}.Release|Any CPU.ActiveCfg = Release|Any CPU
		{F5EBAB7C-D84D-4507-81C0-C7DE7B3EDDAB}.Release|Any CPU.Build.0 = Release|Any CPU
		{D36C2F93-A2B1-4C96-8D4B-A3BC615A53A1}.Debug|Any CPU.ActiveCfg = Debug|Any CPU
		{D36C2F93-A2B1-4C96-8D4B-A3BC615A53A1}.Debug|Any CPU.Build.0 = Debug|Any CPU
		{D36C2F93-A2B1-4C96-8D4B-A3BC615A53A1}.Release|Any CPU.ActiveCfg = Release|Any CPU
		{D36C2F93-A2B1-4C96-8D4B-A3BC615A53A1}.Release|Any CPU.Build.0 = Release|Any CPU
	EndGlobalSection
	GlobalSection(SolutionProperties) = preSolution
		HideSolutionNode = FALSE
	EndGlobalSection
	GlobalSection(NestedProjects) = preSolution
		{78216B0F-988D-4F7C-8E96-D86F6F6EC457} = {E1DD1ED7-3FB0-481B-9F14-E4E9D5C9DB3A}
		{BC38D960-30A3-4A02-946A-EA7F080E6F29} = {E1DD1ED7-3FB0-481B-9F14-E4E9D5C9DB3A}
		{AC680161-0B31-4874-B1B4-5569606A95B1} = {E1DD1ED7-3FB0-481B-9F14-E4E9D5C9DB3A}
		{45CA0E2A-D7A8-4350-9DDD-B5D04B677631} = {E1DD1ED7-3FB0-481B-9F14-E4E9D5C9DB3A}
		{5EC6466F-8039-44E9-9CD2-36178636C2BD} = {CC2030F0-A65E-476B-AE5A-B297B58C9A9F}
		{F5EBAB7C-D84D-4507-81C0-C7DE7B3EDDAB} = {CC2030F0-A65E-476B-AE5A-B297B58C9A9F}
		{D36C2F93-A2B1-4C96-8D4B-A3BC615A53A1} = {CC2030F0-A65E-476B-AE5A-B297B58C9A9F}
	EndGlobalSection
	GlobalSection(ExtensibilityGlobals) = postSolution
		SolutionGuid = {4F0254C2-8B80-4A00-9A2C-E7334643E86B}
	EndGlobalSection
EndGlobal
